
Microsoft Visual Studio Solution File, Format Version 12.00
# Visual Studio Version 17
VisualStudioVersion = 17.0.31903.59
MinimumVisualStudioVersion = 10.0.40219.1
Project("{FAE04EC0-301F-11D3-BF4B-00C04F79EFBC}") = "Domashnee4", "Domashnee4\Domashnee4.csproj", "{549B2B80-DD51-4873-8AB0-BC3144C4DED8}"
EndProject
Global
	GlobalSection(SolutionConfigurationPlatforms) = preSolution
		Debug|Any CPU = Debug|Any CPU
		Release|Any CPU = Release|Any CPU
	EndGlobalSection
	GlobalSection(ProjectConfigurationPlatforms) = postSolution
		{549B2B80-DD51-4873-8AB0-BC3144C4DED8}.Debug|Any CPU.ActiveCfg = Debug|Any CPU
		{549B2B80-DD51-4873-8AB0-BC3144C4DED8}.Debug|Any CPU.Build.0 = Debug|Any CPU
		{549B2B80-DD51-4873-8AB0-BC3144C4DED8}.Release|Any CPU.ActiveCfg = Release|Any CPU
		{549B2B80-DD51-4873-8AB0-BC3144C4DED8}.Release|Any CPU.Build.0 = Release|Any CPU
	EndGlobalSection
	GlobalSection(SolutionProperties) = preSolution
		HideSolutionNode = FALSE
	EndGlobalSection
	GlobalSection(ExtensibilityGlobals) = postSolution
		SolutionGuid = {03B2872D-86EB-4C19-960E-7C3A0A1E8540}
	EndGlobalSection
EndGlobal
